
Microsoft Visual Studio Solution File, Format Version 12.00
# Visual Studio Version 17
VisualStudioVersion = 17.0.31919.166
MinimumVisualStudioVersion = 10.0.40219.1
Project("{8BC9CEB8-8B4A-11D0-8D11-00A0C91BC942}") = "Robot__", "Robot__.vcxproj", "{BA882872-B14A-4DB3-980A-BE22C5371237}"
EndProject
Global
	GlobalSection(SolutionConfigurationPlatforms) = preSolution
		Debug|x64 = Debug|x64
		Debug|x86 = Debug|x86
		Release|x64 = Release|x64
		Release|x86 = Release|x86
	EndGlobalSection
	GlobalSection(ProjectConfigurationPlatforms) = postSolution
		{BA882872-B14A-4DB3-980A-BE22C5371237}.Debug|x64.ActiveCfg = Debug|x64
		{BA882872-B14A-4DB3-980A-BE22C5371237}.Debug|x64.Build.0 = Debug|x64
		{BA882872-B14A-4DB3-980A-BE22C5371237}.Debug|x86.ActiveCfg = Debug|Win32
		{BA882872-B14A-4DB3-980A-BE22C5371237}.Debug|x86.Build.0 = Debug|Win32
		{BA882872-B14A-4DB3-980A-BE22C5371237}.Release|x64.ActiveCfg = Release|x64
		{BA882872-B14A-4DB3-980A-BE22C5371237}.Release|x64.Build.0 = Release|x64
		{BA882872-B14A-4DB3-980A-BE22C5371237}.Release|x86.ActiveCfg = Release|Win32
		{BA882872-B14A-4DB3-980A-BE22C5371237}.Release|x86.Build.0 = Release|Win32
	EndGlobalSection
	GlobalSection(SolutionProperties) = preSolution
		HideSolutionNode = FALSE
	EndGlobalSection
	GlobalSection(ExtensibilityGlobals) = postSolution
		SolutionGuid = {036821B1-85BB-4B10-A47A-A08D2B48CA54}
	EndGlobalSection
EndGlobal
